
Microsoft Visual Studio Solution File, Format Version 12.00
# Visual Studio Version 17
VisualStudioVersion = 17.9.34622.214
MinimumVisualStudioVersion = 10.0.40219.1
Project("{9A19103F-16F7-4668-BE54-9A1E7A4F7556}") = "TrackerLibrary", "TrackerLibrary\TrackerLibrary.csproj", "{C405953B-4E0B-4921-8A90-AB7EEA8C758E}"
EndProject
Project("{FAE04EC0-301F-11D3-BF4B-00C04F79EFBC}") = "TrackerUI", "TrackerUI\TrackerUI.csproj", "{AA4FECCE-8800-411F-9996-38538769935A}"
EndProject
Global
	GlobalSection(SolutionConfigurationPlatforms) = preSolution
		Debug|Any CPU = Debug|Any CPU
		Release|Any CPU = Release|Any CPU
	EndGlobalSection
	GlobalSection(ProjectConfigurationPlatforms) = postSolution
		{C405953B-4E0B-4921-8A90-AB7EEA8C758E}.Debug|Any CPU.ActiveCfg = Debug|Any CPU
		{C405953B-4E0B-4921-8A90-AB7EEA8C758E}.Debug|Any CPU.Build.0 = Debug|Any CPU
		{C405953B-4E0B-4921-8A90-AB7EEA8C758E}.Release|Any CPU.ActiveCfg = Release|Any CPU
		{C405953B-4E0B-4921-8A90-AB7EEA8C758E}.Release|Any CPU.Build.0 = Release|Any CPU
		{AA4FECCE-8800-411F-9996-38538769935A}.Debug|Any CPU.ActiveCfg = Debug|Any CPU
		{AA4FECCE-8800-411F-9996-38538769935A}.Debug|Any CPU.Build.0 = Debug|Any CPU
		{AA4FECCE-8800-411F-9996-38538769935A}.Release|Any CPU.ActiveCfg = Release|Any CPU
		{AA4FECCE-8800-411F-9996-38538769935A}.Release|Any CPU.Build.0 = Release|Any CPU
	EndGlobalSection
	GlobalSection(SolutionProperties) = preSolution
		HideSolutionNode = FALSE
	EndGlobalSection
	GlobalSection(ExtensibilityGlobals) = postSolution
		SolutionGuid = {7AF6A749-DD1E-40D8-8B46-97819E1117CC}
	EndGlobalSection
EndGlobal
